
Microsoft Visual Studio Solution File, Format Version 12.00
# Visual Studio Version 17
VisualStudioVersion = 17.3.32819.101
MinimumVisualStudioVersion = 10.0.40219.1
Project("{9A19103F-16F7-4668-BE54-9A1E7A4F7556}") = "UIResolution", "UIResolution\UIResolution.csproj", "{6286E108-7C7C-472A-A502-2DE06D3A92D0}"
EndProject
Global
	GlobalSection(SolutionConfigurationPlatforms) = preSolution
		Beta Debug|Any CPU = Beta Debug|Any CPU
		Beta Release|Any CPU = Beta Release|Any CPU
		Stable Debug|Any CPU = Stable Debug|Any CPU
		Stable Release|Any CPU = Stable Release|Any CPU
	EndGlobalSection
	GlobalSection(ProjectConfigurationPlatforms) = postSolution
		{6286E108-7C7C-472A-A502-2DE06D3A92D0}.Beta Debug|Any CPU.ActiveCfg = Beta Debug|Any CPU
		{6286E108-7C7C-472A-A502-2DE06D3A92D0}.Beta Debug|Any CPU.Build.0 = Beta Debug|Any CPU
		{6286E108-7C7C-472A-A502-2DE06D3A92D0}.Beta Release|Any CPU.ActiveCfg = Beta Release|Any CPU
		{6286E108-7C7C-472A-A502-2DE06D3A92D0}.Beta Release|Any CPU.Build.0 = Beta Release|Any CPU
		{6286E108-7C7C-472A-A502-2DE06D3A92D0}.Stable Debug|Any CPU.ActiveCfg = Stable Debug|Any CPU
		{6286E108-7C7C-472A-A502-2DE06D3A92D0}.Stable Debug|Any CPU.Build.0 = Stable Debug|Any CPU
		{6286E108-7C7C-472A-A502-2DE06D3A92D0}.Stable Release|Any CPU.ActiveCfg = Stable Release|Any CPU
		{6286E108-7C7C-472A-A502-2DE06D3A92D0}.Stable Release|Any CPU.Build.0 = Stable Release|Any CPU
	EndGlobalSection
	GlobalSection(SolutionProperties) = preSolution
		HideSolutionNode = FALSE
	EndGlobalSection
	GlobalSection(ExtensibilityGlobals) = postSolution
		BuildVersion_StartDate = 2000/1/1
		SolutionGuid = {97C26380-D213-457F-90D9-8EF0642976D3}
	EndGlobalSection
	GlobalSection(SharedMSBuildProjectFiles) = preSolution
		ModsCommon\ColorsShared\ColorsShared.projitems*{6286e108-7c7c-472a-a502-2de06d3a92d0}*SharedItemsImports = 5
		ModsCommon\DependencyShared\DependencyShared.projitems*{6286e108-7c7c-472a-a502-2de06d3a92d0}*SharedItemsImports = 5
		ModsCommon\LocalizeShared\cs-CZ\LocalizeShared.cs-CZ.projitems*{6286e108-7c7c-472a-a502-2de06d3a92d0}*SharedItemsImports = 5
		ModsCommon\LocalizeShared\de-DE\LocalizeShared.de-DE.projitems*{6286e108-7c7c-472a-a502-2de06d3a92d0}*SharedItemsImports = 5
		ModsCommon\LocalizeShared\es-ES\LocalizeShared.es-ES.projitems*{6286e108-7c7c-472a-a502-2de06d3a92d0}*SharedItemsImports = 5
		ModsCommon\LocalizeShared\fr-FR\LocalizeShared.fr-FR.projitems*{6286e108-7c7c-472a-a502-2de06d3a92d0}*SharedItemsImports = 5
		ModsCommon\LocalizeShared\it-IT\LocalizeShared.it-IT.projitems*{6286e108-7c7c-472a-a502-2de06d3a92d0}*SharedItemsImports = 5
		ModsCommon\LocalizeShared\ja-JP\LocalizeShared.ja-JP.projitems*{6286e108-7c7c-472a-a502-2de06d3a92d0}*SharedItemsImports = 5
		ModsCommon\LocalizeShared\ko-KR\LocalizeShared.ko-KR.projitems*{6286e108-7c7c-472a-a502-2de06d3a92d0}*SharedItemsImports = 5
		ModsCommon\LocalizeShared\LocalizeManager\LocalizeManager.projitems*{6286e108-7c7c-472a-a502-2de06d3a92d0}*SharedItemsImports = 5
		ModsCommon\LocalizeShared\LocalizeShared.projitems*{6286e108-7c7c-472a-a502-2de06d3a92d0}*SharedItemsImports = 5
		ModsCommon\LocalizeShared\nl-NL\LocalizeShared.nl-NL.projitems*{6286e108-7c7c-472a-a502-2de06d3a92d0}*SharedItemsImports = 5
		ModsCommon\LocalizeShared\pl-PL\LocalizeShared.pl-PL.projitems*{6286e108-7c7c-472a-a502-2de06d3a92d0}*SharedItemsImports = 5
		ModsCommon\LocalizeShared\pt-PT\LocalizeShared.pt-PT.projitems*{6286e108-7c7c-472a-a502-2de06d3a92d0}*SharedItemsImports = 5
		ModsCommon\LocalizeShared\ru-RU\LocalizeShared.ru-RU.projitems*{6286e108-7c7c-472a-a502-2de06d3a92d0}*SharedItemsImports = 5
		ModsCommon\LocalizeShared\zh-CN\LocalizeShared.zh-CN.projitems*{6286e108-7c7c-472a-a502-2de06d3a92d0}*SharedItemsImports = 5
		ModsCommon\LoggerShared\LoggerShared.projitems*{6286e108-7c7c-472a-a502-2de06d3a92d0}*SharedItemsImports = 5
		ModsCommon\MathExtension\MathExtension.projitems*{6286e108-7c7c-472a-a502-2de06d3a92d0}*SharedItemsImports = 5
		ModsCommon\MessageBoxShared\MessageBoxShared.projitems*{6286e108-7c7c-472a-a502-2de06d3a92d0}*SharedItemsImports = 5
		ModsCommon\ModShared\ModsCommonShared.projitems*{6286e108-7c7c-472a-a502-2de06d3a92d0}*SharedItemsImports = 5
		ModsCommon\PluginsShared\PluginsShared.projitems*{6286e108-7c7c-472a-a502-2de06d3a92d0}*SharedItemsImports = 5
		ModsCommon\SimpleMessageBoxShared\SimpleMessageBoxShared.projitems*{6286e108-7c7c-472a-a502-2de06d3a92d0}*SharedItemsImports = 5
		ModsCommon\SingletonShared\SingletonShared.projitems*{6286e108-7c7c-472a-a502-2de06d3a92d0}*SharedItemsImports = 5
		ModsCommon\UIShared\ModsUIShared.projitems*{6286e108-7c7c-472a-a502-2de06d3a92d0}*SharedItemsImports = 5
		ModsCommon\WhatsNewMessageBoxShared\WhatsNewMessageBoxShared.projitems*{6286e108-7c7c-472a-a502-2de06d3a92d0}*SharedItemsImports = 5
	EndGlobalSection
EndGlobal
